
Microsoft Visual Studio Solution File, Format Version 12.00
# Visual Studio 15
VisualStudioVersion = 15.0.27428.2037
MinimumVisualStudioVersion = 10.0.40219.1
Project("{FAE04EC0-301F-11D3-BF4B-00C04F79EFBC}") = "LogInExerciseApp.Android", "LogInExerciseApp\LogInExerciseApp.Android\LogInExerciseApp.Android.csproj", "{48B2A4A3-3035-4516-8CF7-9729EDB84358}"
EndProject
Project("{FAE04EC0-301F-11D3-BF4B-00C04F79EFBC}") = "LogInExerciseApp.iOS", "LogInExerciseApp\LogInExerciseApp.iOS\LogInExerciseApp.iOS.csproj", "{FBD30C8A-F40F-4260-B1B2-4F26B507D0DD}"
EndProject
Project("{FAE04EC0-301F-11D3-BF4B-00C04F79EFBC}") = "LogInExerciseApp.UWP", "LogInExerciseApp\LogInExerciseApp.UWP\LogInExerciseApp.UWP.csproj", "{C4DA1D2F-B2BE-4D47-883E-EB3E715B9A0F}"
EndProject
Project("{FAE04EC0-301F-11D3-BF4B-00C04F79EFBC}") = "LogInExerciseApp", "LogInExerciseApp\LogInExerciseApp\LogInExerciseApp.csproj", "{2705DE03-B30B-4B74-BF07-B73A77CE83B5}"
EndProject
Global
	GlobalSection(SolutionConfigurationPlatforms) = preSolution
		Ad-Hoc|Any CPU = Ad-Hoc|Any CPU
		Ad-Hoc|ARM = Ad-Hoc|ARM
		Ad-Hoc|iPhone = Ad-Hoc|iPhone
		Ad-Hoc|iPhoneSimulator = Ad-Hoc|iPhoneSimulator
		Ad-Hoc|x64 = Ad-Hoc|x64
		Ad-Hoc|x86 = Ad-Hoc|x86
		AppStore|Any CPU = AppStore|Any CPU
		AppStore|ARM = AppStore|ARM
		AppStore|iPhone = AppStore|iPhone
		AppStore|iPhoneSimulator = AppStore|iPhoneSimulator
		AppStore|x64 = AppStore|x64
		AppStore|x86 = AppStore|x86
		Debug|Any CPU = Debug|Any CPU
		Debug|ARM = Debug|ARM
		Debug|iPhone = Debug|iPhone
		Debug|iPhoneSimulator = Debug|iPhoneSimulator
		Debug|x64 = Debug|x64
		Debug|x86 = Debug|x86
		Release|Any CPU = Release|Any CPU
		Release|ARM = Release|ARM
		Release|iPhone = Release|iPhone
		Release|iPhoneSimulator = Release|iPhoneSimulator
		Release|x64 = Release|x64
		Release|x86 = Release|x86
	EndGlobalSection
	GlobalSection(ProjectConfigurationPlatforms) = postSolution
		{48B2A4A3-3035-4516-8CF7-9729EDB84358}.Ad-Hoc|Any CPU.ActiveCfg = Release|Any CPU
		{48B2A4A3-3035-4516-8CF7-9729EDB84358}.Ad-Hoc|Any CPU.Build.0 = Release|Any CPU
		{48B2A4A3-3035-4516-8CF7-9729EDB84358}.Ad-Hoc|Any CPU.Deploy.0 = Release|Any CPU
		{48B2A4A3-3035-4516-8CF7-9729EDB84358}.Ad-Hoc|ARM.ActiveCfg = Release|Any CPU
		{48B2A4A3-3035-4516-8CF7-9729EDB84358}.Ad-Hoc|ARM.Build.0 = Release|Any CPU
		{48B2A4A3-3035-4516-8CF7-9729EDB84358}.Ad-Hoc|ARM.Deploy.0 = Release|Any CPU
		{48B2A4A3-3035-4516-8CF7-9729EDB84358}.Ad-Hoc|iPhone.ActiveCfg = Release|Any CPU
		{48B2A4A3-3035-4516-8CF7-9729EDB84358}.Ad-Hoc|iPhone.Build.0 = Release|Any CPU
		{48B2A4A3-3035-4516-8CF7-9729EDB84358}.Ad-Hoc|iPhone.Deploy.0 = Release|Any CPU
		{48B2A4A3-3035-4516-8CF7-9729EDB84358}.Ad-Hoc|iPhoneSimulator.ActiveCfg = Release|Any CPU
		{48B2A4A3-3035-4516-8CF7-9729EDB84358}.Ad-Hoc|iPhoneSimulator.Build.0 = Release|Any CPU
		{48B2A4A3-3035-4516-8CF7-9729EDB84358}.Ad-Hoc|iPhoneSimulator.Deploy.0 = Release|Any CPU
		{48B2A4A3-3035-4516-8CF7-9729EDB84358}.Ad-Hoc|x64.ActiveCfg = Release|Any CPU
		{48B2A4A3-3035-4516-8CF7-9729EDB84358}.Ad-Hoc|x64.Build.0 = Release|Any CPU
		{48B2A4A3-3035-4516-8CF7-9729EDB84358}.Ad-Hoc|x64.Deploy.0 = Release|Any CPU
		{48B2A4A3-3035-4516-8CF7-9729EDB84358}.Ad-Hoc|x86.ActiveCfg = Release|Any CPU
		{48B2A4A3-3035-4516-8CF7-9729EDB84358}.Ad-Hoc|x86.Build.0 = Release|Any CPU
		{48B2A4A3-3035-4516-8CF7-9729EDB84358}.Ad-Hoc|x86.Deploy.0 = Release|Any CPU
		{48B2A4A3-3035-4516-8CF7-9729EDB84358}.AppStore|Any CPU.ActiveCfg = Release|Any CPU
		{48B2A4A3-3035-4516-8CF7-9729EDB84358}.AppStore|Any CPU.Build.0 = Release|Any CPU
		{48B2A4A3-3035-4516-8CF7-9729EDB84358}.AppStore|Any CPU.Deploy.0 = Release|Any CPU
		{48B2A4A3-3035-4516-8CF7-9729EDB84358}.AppStore|ARM.ActiveCfg = Release|Any CPU
		{48B2A4A3-3035-4516-8CF7-9729EDB84358}.AppStore|ARM.Build.0 = Release|Any CPU
		{48B2A4A3-3035-4516-8CF7-9729EDB84358}.AppStore|ARM.Deploy.0 = Release|Any CPU
		{48B2A4A3-3035-4516-8CF7-9729EDB84358}.AppStore|iPhone.ActiveCfg = Release|Any CPU
		{48B2A4A3-3035-4516-8CF7-9729EDB84358}.AppStore|iPhone.Build.0 = Release|Any CPU
		{48B2A4A3-3035-4516-8CF7-9729EDB84358}.AppStore|iPhone.Deploy.0 = Release|Any CPU
		{48B2A4A3-3035-4516-8CF7-9729EDB84358}.AppStore|iPhoneSimulator.ActiveCfg = Release|Any CPU
		{48B2A4A3-3035-4516-8CF7-9729EDB84358}.AppStore|iPhoneSimulator.Build.0 = Release|Any CPU
		{48B2A4A3-3035-4516-8CF7-9729EDB84358}.AppStore|iPhoneSimulator.Deploy.0 = Release|Any CPU
		{48B2A4A3-3035-4516-8CF7-9729EDB84358}.AppStore|x64.ActiveCfg = Release|Any CPU
		{48B2A4A3-3035-4516-8CF7-9729EDB84358}.AppStore|x64.Build.0 = Release|Any CPU
		{48B2A4A3-3035-4516-8CF7-9729EDB84358}.AppStore|x64.Deploy.0 = Release|Any CPU
		{48B2A4A3-3035-4516-8CF7-9729EDB84358}.AppStore|x86.ActiveCfg = Release|Any CPU
		{48B2A4A3-3035-4516-8CF7-9729EDB84358}.AppStore|x86.Build.0 = Release|Any CPU
		{48B2A4A3-3035-4516-8CF7-9729EDB84358}.AppStore|x86.Deploy.0 = Release|Any CPU
		{48B2A4A3-3035-4516-8CF7-9729EDB84358}.Debug|Any CPU.ActiveCfg = Debug|Any CPU
		{48B2A4A3-3035-4516-8CF7-9729EDB84358}.Debug|Any CPU.Build.0 = Debug|Any CPU
		{48B2A4A3-3035-4516-8CF7-9729EDB84358}.Debug|Any CPU.Deploy.0 = Debug|Any CPU
		{48B2A4A3-3035-4516-8CF7-9729EDB84358}.Debug|ARM.ActiveCfg = Debug|Any CPU
		{48B2A4A3-3035-4516-8CF7-9729EDB84358}.Debug|ARM.Build.0 = Debug|Any CPU
		{48B2A4A3-3035-4516-8CF7-9729EDB84358}.Debug|ARM.Deploy.0 = Debug|Any CPU
		{48B2A4A3-3035-4516-8CF7-9729EDB84358}.Debug|iPhone.ActiveCfg = Debug|Any CPU
		{48B2A4A3-3035-4516-8CF7-9729EDB84358}.Debug|iPhone.Build.0 = Debug|Any CPU
		{48B2A4A3-3035-4516-8CF7-9729EDB84358}.Debug|iPhone.Deploy.0 = Debug|Any CPU
		{48B2A4A3-3035-4516-8CF7-9729EDB84358}.Debug|iPhoneSimulator.ActiveCfg = Debug|Any CPU
		{48B2A4A3-3035-4516-8CF7-9729EDB84358}.Debug|iPhoneSimulator.Build.0 = Debug|Any CPU
		{48B2A4A3-3035-4516-8CF7-9729EDB84358}.Debug|iPhoneSimulator.Deploy.0 = Debug|Any CPU
		{48B2A4A3-3035-4516-8CF7-9729EDB84358}.Debug|x64.ActiveCfg = Debug|Any CPU
		{48B2A4A3-3035-4516-8CF7-9729EDB84358}.Debug|x64.Build.0 = Debug|Any CPU
		{48B2A4A3-3035-4516-8CF7-9729EDB84358}.Debug|x64.Deploy.0 = Debug|Any CPU
		{48B2A4A3-3035-4516-8CF7-9729EDB84358}.Debug|x86.ActiveCfg = Debug|Any CPU
		{48B2A4A3-3035-4516-8CF7-9729EDB84358}.Debug|x86.Build.0 = Debug|Any CPU
		{48B2A4A3-3035-4516-8CF7-9729EDB84358}.Debug|x86.Deploy.0 = Debug|Any CPU
		{48B2A4A3-3035-4516-8CF7-9729EDB84358}.Release|Any CPU.ActiveCfg = Release|Any CPU
		{48B2A4A3-3035-4516-8CF7-9729EDB84358}.Release|Any CPU.Build.0 = Release|Any CPU
		{48B2A4A3-3035-4516-8CF7-9729EDB84358}.Release|Any CPU.Deploy.0 = Release|Any CPU
		{48B2A4A3-3035-4516-8CF7-9729EDB84358}.Release|ARM.ActiveCfg = Release|Any CPU
		{48B2A4A3-3035-4516-8CF7-9729EDB84358}.Release|ARM.Build.0 = Release|Any CPU
		{48B2A4A3-3035-4516-8CF7-9729EDB84358}.Release|ARM.Deploy.0 = Release|Any CPU
		{48B2A4A3-3035-4516-8CF7-9729EDB84358}.Release|iPhone.ActiveCfg = Release|Any CPU
		{48B2A4A3-3035-4516-8CF7-9729EDB84358}.Release|iPhone.Build.0 = Release|Any CPU
		{48B2A4A3-3035-4516-8CF7-9729EDB84358}.Release|iPhone.Deploy.0 = Release|Any CPU
		{48B2A4A3-3035-4516-8CF7-9729EDB84358}.Release|iPhoneSimulator.ActiveCfg = Release|Any CPU
		{48B2A4A3-3035-4516-8CF7-9729EDB84358}.Release|iPhoneSimulator.Build.0 = Release|Any CPU
		{48B2A4A3-3035-4516-8CF7-9729EDB84358}.Release|iPhoneSimulator.Deploy.0 = Release|Any CPU
		{48B2A4A3-3035-4516-8CF7-9729EDB84358}.Release|x64.ActiveCfg = Release|Any CPU
		{48B2A4A3-3035-4516-8CF7-9729EDB84358}.Release|x64.Build.0 = Release|Any CPU
		{48B2A4A3-3035-4516-8CF7-9729EDB84358}.Release|x64.Deploy.0 = Release|Any CPU
		{48B2A4A3-3035-4516-8CF7-9729EDB84358}.Release|x86.ActiveCfg = Release|Any CPU
		{48B2A4A3-3035-4516-8CF7-9729EDB84358}.Release|x86.Build.0 = Release|Any CPU
		{48B2A4A3-3035-4516-8CF7-9729EDB84358}.Release|x86.Deploy.0 = Release|Any CPU
		{FBD30C8A-F40F-4260-B1B2-4F26B507D0DD}.Ad-Hoc|Any CPU.ActiveCfg = Ad-Hoc|iPhone
		{FBD30C8A-F40F-4260-B1B2-4F26B507D0DD}.Ad-Hoc|ARM.ActiveCfg = Ad-Hoc|iPhone
		{FBD30C8A-F40F-4260-B1B2-4F26B507D0DD}.Ad-Hoc|iPhone.ActiveCfg = Ad-Hoc|iPhone
		{FBD30C8A-F40F-4260-B1B2-4F26B507D0DD}.Ad-Hoc|iPhone.Build.0 = Ad-Hoc|iPhone
		{FBD30C8A-F40F-4260-B1B2-4F26B507D0DD}.Ad-Hoc|iPhoneSimulator.ActiveCfg = Ad-Hoc|iPhoneSimulator
		{FBD30C8A-F40F-4260-B1B2-4F26B507D0DD}.Ad-Hoc|iPhoneSimulator.Build.0 = Ad-Hoc|iPhoneSimulator
		{FBD30C8A-F40F-4260-B1B2-4F26B507D0DD}.Ad-Hoc|x64.ActiveCfg = Ad-Hoc|iPhone
		{FBD30C8A-F40F-4260-B1B2-4F26B507D0DD}.Ad-Hoc|x86.ActiveCfg = Ad-Hoc|iPhone
		{FBD30C8A-F40F-4260-B1B2-4F26B507D0DD}.AppStore|Any CPU.ActiveCfg = AppStore|iPhone
		{FBD30C8A-F40F-4260-B1B2-4F26B507D0DD}.AppStore|ARM.ActiveCfg = AppStore|iPhone
		{FBD30C8A-F40F-4260-B1B2-4F26B507D0DD}.AppStore|iPhone.ActiveCfg = AppStore|iPhone
		{FBD30C8A-F40F-4260-B1B2-4F26B507D0DD}.AppStore|iPhone.Build.0 = AppStore|iPhone
		{FBD30C8A-F40F-4260-B1B2-4F26B507D0DD}.AppStore|iPhoneSimulator.ActiveCfg = AppStore|iPhoneSimulator
		{FBD30C8A-F40F-4260-B1B2-4F26B507D0DD}.AppStore|iPhoneSimulator.Build.0 = AppStore|iPhoneSimulator
		{FBD30C8A-F40F-4260-B1B2-4F26B507D0DD}.AppStore|x64.ActiveCfg = AppStore|iPhone
		{FBD30C8A-F40F-4260-B1B2-4F26B507D0DD}.AppStore|x86.ActiveCfg = AppStore|iPhone
		{FBD30C8A-F40F-4260-B1B2-4F26B507D0DD}.Debug|Any CPU.ActiveCfg = Debug|iPhone
		{FBD30C8A-F40F-4260-B1B2-4F26B507D0DD}.Debug|ARM.ActiveCfg = Debug|iPhone
		{FBD30C8A-F40F-4260-B1B2-4F26B507D0DD}.Debug|iPhone.ActiveCfg = Debug|iPhone
		{FBD30C8A-F40F-4260-B1B2-4F26B507D0DD}.Debug|iPhone.Build.0 = Debug|iPhone
		{FBD30C8A-F40F-4260-B1B2-4F26B507D0DD}.Debug|iPhoneSimulator.ActiveCfg = Debug|iPhoneSimulator
		{FBD30C8A-F40F-4260-B1B2-4F26B507D0DD}.Debug|iPhoneSimulator.Build.0 = Debug|iPhoneSimulator
		{FBD30C8A-F40F-4260-B1B2-4F26B507D0DD}.Debug|x64.ActiveCfg = Debug|iPhone
		{FBD30C8A-F40F-4260-B1B2-4F26B507D0DD}.Debug|x86.ActiveCfg = Debug|iPhone
		{FBD30C8A-F40F-4260-B1B2-4F26B507D0DD}.Release|Any CPU.ActiveCfg = Release|iPhone
		{FBD30C8A-F40F-4260-B1B2-4F26B507D0DD}.Release|ARM.ActiveCfg = Release|iPhone
		{FBD30C8A-F40F-4260-B1B2-4F26B507D0DD}.Release|iPhone.ActiveCfg = Release|iPhone
		{FBD30C8A-F40F-4260-B1B2-4F26B507D0DD}.Release|iPhone.Build.0 = Release|iPhone
		{FBD30C8A-F40F-4260-B1B2-4F26B507D0DD}.Release|iPhoneSimulator.ActiveCfg = Release|iPhoneSimulator
		{FBD30C8A-F40F-4260-B1B2-4F26B507D0DD}.Release|iPhoneSimulator.Build.0 = Release|iPhoneSimulator
		{FBD30C8A-F40F-4260-B1B2-4F26B507D0DD}.Release|x64.ActiveCfg = Release|iPhone
		{FBD30C8A-F40F-4260-B1B2-4F26B507D0DD}.Release|x86.ActiveCfg = Release|iPhone
		{C4DA1D2F-B2BE-4D47-883E-EB3E715B9A0F}.Ad-Hoc|Any CPU.ActiveCfg = Release|x86
		{C4DA1D2F-B2BE-4D47-883E-EB3E715B9A0F}.Ad-Hoc|Any CPU.Build.0 = Release|x86
		{C4DA1D2F-B2BE-4D47-883E-EB3E715B9A0F}.Ad-Hoc|Any CPU.Deploy.0 = Release|x86
		{C4DA1D2F-B2BE-4D47-883E-EB3E715B9A0F}.Ad-Hoc|ARM.ActiveCfg = Release|ARM
		{C4DA1D2F-B2BE-4D47-883E-EB3E715B9A0F}.Ad-Hoc|ARM.Build.0 = Release|ARM
		{C4DA1D2F-B2BE-4D47-883E-EB3E715B9A0F}.Ad-Hoc|ARM.Deploy.0 = Release|ARM
		{C4DA1D2F-B2BE-4D47-883E-EB3E715B9A0F}.Ad-Hoc|iPhone.ActiveCfg = Release|x86
		{C4DA1D2F-B2BE-4D47-883E-EB3E715B9A0F}.Ad-Hoc|iPhone.Build.0 = Release|x86
		{C4DA1D2F-B2BE-4D47-883E-EB3E715B9A0F}.Ad-Hoc|iPhone.Deploy.0 = Release|x86
		{C4DA1D2F-B2BE-4D47-883E-EB3E715B9A0F}.Ad-Hoc|iPhoneSimulator.ActiveCfg = Release|x86
		{C4DA1D2F-B2BE-4D47-883E-EB3E715B9A0F}.Ad-Hoc|iPhoneSimulator.Build.0 = Release|x86
		{C4DA1D2F-B2BE-4D47-883E-EB3E715B9A0F}.Ad-Hoc|iPhoneSimulator.Deploy.0 = Release|x86
		{C4DA1D2F-B2BE-4D47-883E-EB3E715B9A0F}.Ad-Hoc|x64.ActiveCfg = Release|x64
		{C4DA1D2F-B2BE-4D47-883E-EB3E715B9A0F}.Ad-Hoc|x64.Build.0 = Release|x64
		{C4DA1D2F-B2BE-4D47-883E-EB3E715B9A0F}.Ad-Hoc|x64.Deploy.0 = Release|x64
		{C4DA1D2F-B2BE-4D47-883E-EB3E715B9A0F}.Ad-Hoc|x86.ActiveCfg = Release|x86
		{C4DA1D2F-B2BE-4D47-883E-EB3E715B9A0F}.Ad-Hoc|x86.Build.0 = Release|x86
		{C4DA1D2F-B2BE-4D47-883E-EB3E715B9A0F}.Ad-Hoc|x86.Deploy.0 = Release|x86
		{C4DA1D2F-B2BE-4D47-883E-EB3E715B9A0F}.AppStore|Any CPU.ActiveCfg = Release|x86
		{C4DA1D2F-B2BE-4D47-883E-EB3E715B9A0F}.AppStore|Any CPU.Build.0 = Release|x86
		{C4DA1D2F-B2BE-4D47-883E-EB3E715B9A0F}.AppStore|Any CPU.Deploy.0 = Release|x86
		{C4DA1D2F-B2BE-4D47-883E-EB3E715B9A0F}.AppStore|ARM.ActiveCfg = Release|ARM
		{C4DA1D2F-B2BE-4D47-883E-EB3E715B9A0F}.AppStore|ARM.Build.0 = Release|ARM
		{C4DA1D2F-B2BE-4D47-883E-EB3E715B9A0F}.AppStore|ARM.Deploy.0 = Release|ARM
		{C4DA1D2F-B2BE-4D47-883E-EB3E715B9A0F}.AppStore|iPhone.ActiveCfg = Release|x86
		{C4DA1D2F-B2BE-4D47-883E-EB3E715B9A0F}.AppStore|iPhone.Build.0 = Release|x86
		{C4DA1D2F-B2BE-4D47-883E-EB3E715B9A0F}.AppStore|iPhone.Deploy.0 = Release|x86
		{C4DA1D2F-B2BE-4D47-883E-EB3E715B9A0F}.AppStore|iPhoneSimulator.ActiveCfg = Release|x86
		{C4DA1D2F-B2BE-4D47-883E-EB3E715B9A0F}.AppStore|iPhoneSimulator.Build.0 = Release|x86
		{C4DA1D2F-B2BE-4D47-883E-EB3E715B9A0F}.AppStore|iPhoneSimulator.Deploy.0 = Release|x86
		{C4DA1D2F-B2BE-4D47-883E-EB3E715B9A0F}.AppStore|x64.ActiveCfg = Release|x64
		{C4DA1D2F-B2BE-4D47-883E-EB3E715B9A0F}.AppStore|x64.Build.0 = Release|x64
		{C4DA1D2F-B2BE-4D47-883E-EB3E715B9A0F}.AppStore|x64.Deploy.0 = Release|x64
		{C4DA1D2F-B2BE-4D47-883E-EB3E715B9A0F}.AppStore|x86.ActiveCfg = Release|x86
		{C4DA1D2F-B2BE-4D47-883E-EB3E715B9A0F}.AppStore|x86.Build.0 = Release|x86
		{C4DA1D2F-B2BE-4D47-883E-EB3E715B9A0F}.AppStore|x86.Deploy.0 = Release|x86
		{C4DA1D2F-B2BE-4D47-883E-EB3E715B9A0F}.Debug|Any CPU.ActiveCfg = Debug|x86
		{C4DA1D2F-B2BE-4D47-883E-EB3E715B9A0F}.Debug|ARM.ActiveCfg = Debug|ARM
		{C4DA1D2F-B2BE-4D47-883E-EB3E715B9A0F}.Debug|ARM.Build.0 = Debug|ARM
		{C4DA1D2F-B2BE-4D47-883E-EB3E715B9A0F}.Debug|ARM.Deploy.0 = Debug|ARM
		{C4DA1D2F-B2BE-4D47-883E-EB3E715B9A0F}.Debug|iPhone.ActiveCfg = Debug|x86
		{C4DA1D2F-B2BE-4D47-883E-EB3E715B9A0F}.Debug|iPhoneSimulator.ActiveCfg = Debug|x86
		{C4DA1D2F-B2BE-4D47-883E-EB3E715B9A0F}.Debug|x64.ActiveCfg = Debug|x64
		{C4DA1D2F-B2BE-4D47-883E-EB3E715B9A0F}.Debug|x64.Build.0 = Debug|x64
		{C4DA1D2F-B2BE-4D47-883E-EB3E715B9A0F}.Debug|x64.Deploy.0 = Debug|x64
		{C4DA1D2F-B2BE-4D47-883E-EB3E715B9A0F}.Debug|x86.ActiveCfg = Debug|x86
		{C4DA1D2F-B2BE-4D47-883E-EB3E715B9A0F}.Debug|x86.Build.0 = Debug|x86
		{C4DA1D2F-B2BE-4D47-883E-EB3E715B9A0F}.Debug|x86.Deploy.0 = Debug|x86
		{C4DA1D2F-B2BE-4D47-883E-EB3E715B9A0F}.Release|Any CPU.ActiveCfg = Release|x86
		{C4DA1D2F-B2BE-4D47-883E-EB3E715B9A0F}.Release|ARM.ActiveCfg = Release|ARM
		{C4DA1D2F-B2BE-4D47-883E-EB3E715B9A0F}.Release|ARM.Build.0 = Release|ARM
		{C4DA1D2F-B2BE-4D47-883E-EB3E715B9A0F}.Release|ARM.Deploy.0 = Release|ARM
		{C4DA1D2F-B2BE-4D47-883E-EB3E715B9A0F}.Release|iPhone.ActiveCfg = Release|x86
		{C4DA1D2F-B2BE-4D47-883E-EB3E715B9A0F}.Release|iPhoneSimulator.ActiveCfg = Release|x86
		{C4DA1D2F-B2BE-4D47-883E-EB3E715B9A0F}.Release|x64.ActiveCfg = Release|x64
		{C4DA1D2F-B2BE-4D47-883E-EB3E715B9A0F}.Release|x64.Build.0 = Release|x64
		{C4DA1D2F-B2BE-4D47-883E-EB3E715B9A0F}.Release|x64.Deploy.0 = Release|x64
		{C4DA1D2F-B2BE-4D47-883E-EB3E715B9A0F}.Release|x86.ActiveCfg = Release|x86
		{C4DA1D2F-B2BE-4D47-883E-EB3E715B9A0F}.Release|x86.Build.0 = Release|x86
		{C4DA1D2F-B2BE-4D47-883E-EB3E715B9A0F}.Release|x86.Deploy.0 = Release|x86
		{2705DE03-B30B-4B74-BF07-B73A77CE83B5}.Ad-Hoc|Any CPU.ActiveCfg = Debug|Any CPU
		{2705DE03-B30B-4B74-BF07-B73A77CE83B5}.Ad-Hoc|Any CPU.Build.0 = Debug|Any CPU
		{2705DE03-B30B-4B74-BF07-B73A77CE83B5}.Ad-Hoc|ARM.ActiveCfg = Debug|Any CPU
		{2705DE03-B30B-4B74-BF07-B73A77CE83B5}.Ad-Hoc|ARM.Build.0 = Debug|Any CPU
		{2705DE03-B30B-4B74-BF07-B73A77CE83B5}.Ad-Hoc|iPhone.ActiveCfg = Debug|Any CPU
		{2705DE03-B30B-4B74-BF07-B73A77CE83B5}.Ad-Hoc|iPhone.Build.0 = Debug|Any CPU
		{2705DE03-B30B-4B74-BF07-B73A77CE83B5}.Ad-Hoc|iPhoneSimulator.ActiveCfg = Debug|Any CPU
		{2705DE03-B30B-4B74-BF07-B73A77CE83B5}.Ad-Hoc|iPhoneSimulator.Build.0 = Debug|Any CPU
		{2705DE03-B30B-4B74-BF07-B73A77CE83B5}.Ad-Hoc|x64.ActiveCfg = Debug|Any CPU
		{2705DE03-B30B-4B74-BF07-B73A77CE83B5}.Ad-Hoc|x64.Build.0 = Debug|Any CPU
		{2705DE03-B30B-4B74-BF07-B73A77CE83B5}.Ad-Hoc|x86.ActiveCfg = Debug|Any CPU
		{2705DE03-B30B-4B74-BF07-B73A77CE83B5}.Ad-Hoc|x86.Build.0 = Debug|Any CPU
		{2705DE03-B30B-4B74-BF07-B73A77CE83B5}.AppStore|Any CPU.ActiveCfg = Debug|Any CPU
		{2705DE03-B30B-4B74-BF07-B73A77CE83B5}.AppStore|Any CPU.Build.0 = Debug|Any CPU
		{2705DE03-B30B-4B74-BF07-B73A77CE83B5}.AppStore|ARM.ActiveCfg = Debug|Any CPU
		{2705DE03-B30B-4B74-BF07-B73A77CE83B5}.AppStore|ARM.Build.0 = Debug|Any CPU
		{2705DE03-B30B-4B74-BF07-B73A77CE83B5}.AppStore|iPhone.ActiveCfg = Debug|Any CPU
		{2705DE03-B30B-4B74-BF07-B73A77CE83B5}.AppStore|iPhone.Build.0 = Debug|Any CPU
		{2705DE03-B30B-4B74-BF07-B73A77CE83B5}.AppStore|iPhoneSimulator.ActiveCfg = Debug|Any CPU
		{2705DE03-B30B-4B74-BF07-B73A77CE83B5}.AppStore|iPhoneSimulator.Build.0 = Debug|Any CPU
		{2705DE03-B30B-4B74-BF07-B73A77CE83B5}.AppStore|x64.ActiveCfg = Debug|Any CPU
		{2705DE03-B30B-4B74-BF07-B73A77CE83B5}.AppStore|x64.Build.0 = Debug|Any CPU
		{2705DE03-B30B-4B74-BF07-B73A77CE83B5}.AppStore|x86.ActiveCfg = Debug|Any CPU
		{2705DE03-B30B-4B74-BF07-B73A77CE83B5}.AppStore|x86.Build.0 = Debug|Any CPU
		{2705DE03-B30B-4B74-BF07-B73A77CE83B5}.Debug|Any CPU.ActiveCfg = Debug|Any CPU
		{2705DE03-B30B-4B74-BF07-B73A77CE83B5}.Debug|Any CPU.Build.0 = Debug|Any CPU
		{2705DE03-B30B-4B74-BF07-B73A77CE83B5}.Debug|ARM.ActiveCfg = Debug|Any CPU
		{2705DE03-B30B-4B74-BF07-B73A77CE83B5}.Debug|ARM.Build.0 = Debug|Any CPU
		{2705DE03-B30B-4B74-BF07-B73A77CE83B5}.Debug|iPhone.ActiveCfg = Debug|Any CPU
		{2705DE03-B30B-4B74-BF07-B73A77CE83B5}.Debug|iPhone.Build.0 = Debug|Any CPU
		{2705DE03-B30B-4B74-BF07-B73A77CE83B5}.Debug|iPhoneSimulator.ActiveCfg = Debug|Any CPU
		{2705DE03-B30B-4B74-BF07-B73A77CE83B5}.Debug|iPhoneSimulator.Build.0 = Debug|Any CPU
		{2705DE03-B30B-4B74-BF07-B73A77CE83B5}.Debug|x64.ActiveCfg = Debug|Any CPU
		{2705DE03-B30B-4B74-BF07-B73A77CE83B5}.Debug|x64.Build.0 = Debug|Any CPU
		{2705DE03-B30B-4B74-BF07-B73A77CE83B5}.Debug|x86.ActiveCfg = Debug|Any CPU
		{2705DE03-B30B-4B74-BF07-B73A77CE83B5}.Debug|x86.Build.0 = Debug|Any CPU
		{2705DE03-B30B-4B74-BF07-B73A77CE83B5}.Release|Any CPU.ActiveCfg = Release|Any CPU
		{2705DE03-B30B-4B74-BF07-B73A77CE83B5}.Release|Any CPU.Build.0 = Release|Any CPU
		{2705DE03-B30B-4B74-BF07-B73A77CE83B5}.Release|ARM.ActiveCfg = Release|Any CPU
		{2705DE03-B30B-4B74-BF07-B73A77CE83B5}.Release|ARM.Build.0 = Release|Any CPU
		{2705DE03-B30B-4B74-BF07-B73A77CE83B5}.Release|iPhone.ActiveCfg = Release|Any CPU
		{2705DE03-B30B-4B74-BF07-B73A77CE83B5}.Release|iPhone.Build.0 = Release|Any CPU
		{2705DE03-B30B-4B74-BF07-B73A77CE83B5}.Release|iPhoneSimulator.ActiveCfg = Release|Any CPU
		{2705DE03-B30B-4B74-BF07-B73A77CE83B5}.Release|iPhoneSimulator.Build.0 = Release|Any CPU
		{2705DE03-B30B-4B74-BF07-B73A77CE83B5}.Release|x64.ActiveCfg = Release|Any CPU
		{2705DE03-B30B-4B74-BF07-B73A77CE83B5}.Release|x64.Build.0 = Release|Any CPU
		{2705DE03-B30B-4B74-BF07-B73A77CE83B5}.Release|x86.ActiveCfg = Release|Any CPU
		{2705DE03-B30B-4B74-BF07-B73A77CE83B5}.Release|x86.Build.0 = Release|Any CPU
	EndGlobalSection
	GlobalSection(SolutionProperties) = preSolution
		HideSolutionNode = FALSE
	EndGlobalSection
	GlobalSection(ExtensibilityGlobals) = postSolution
		SolutionGuid = {C7AB2489-9E46-4DFB-BA12-8E36194AD5B9}
	EndGlobalSection
EndGlobal
